// !$*UTF8*$!
{
	archiveVersion = 1;
	classes = {
	};
	objectVersion = 56;
	objects = {

/* Begin PBXBuildFile section */
		7192823228679AA500D894C8 /* HotdogOrNotApp.swift in Sources */ = {isa = PBXBuildFile; fileRef = 7192823128679AA500D894C8 /* HotdogOrNotApp.swift */; };
		7192823428679AA500D894C8 /* ContentView.swift in Sources */ = {isa = PBXBuildFile; fileRef = 7192823328679AA500D894C8 /* ContentView.swift */; };
		7192823628679AA600D894C8 /* Assets.xcassets in Resources */ = {isa = PBXBuildFile; fileRef = 7192823528679AA600D894C8 /* Assets.xcassets */; };
		7192823928679AA600D894C8 /* Preview Assets.xcassets in Resources */ = {isa = PBXBuildFile; fileRef = 7192823828679AA600D894C8 /* Preview Assets.xcassets */; };
		7192824028679CDD00D894C8 /* MobileNetV2.mlmodel in Sources */ = {isa = PBXBuildFile; fileRef = 7192823F28679CDD00D894C8 /* MobileNetV2.mlmodel */; };
		719282442867A3CD00D894C8 /* FrameView.swift in Sources */ = {isa = PBXBuildFile; fileRef = 719282432867A3CD00D894C8 /* FrameView.swift */; };
		719282462867A48500D894C8 /* CameraManager.swift in Sources */ = {isa = PBXBuildFile; fileRef = 719282452867A48500D894C8 /* CameraManager.swift */; };
		719282482867A4EC00D894C8 /* CameraError.swift in Sources */ = {isa = PBXBuildFile; fileRef = 719282472867A4EC00D894C8 /* CameraError.swift */; };
		7192824A2867AA0500D894C8 /* FrameManager.swift in Sources */ = {isa = PBXBuildFile; fileRef = 719282492867AA0500D894C8 /* FrameManager.swift */; };
		7192824C2867AAFE00D894C8 /* ContentViewModel.swift in Sources */ = {isa = PBXBuildFile; fileRef = 7192824B2867AAFE00D894C8 /* ContentViewModel.swift */; };
		7192824E2867AC1500D894C8 /* CGImage+Extension.swift in Sources */ = {isa = PBXBuildFile; fileRef = 7192824D2867AC1500D894C8 /* CGImage+Extension.swift */; };
/* End PBXBuildFile section */

/* Begin PBXFileReference section */
		7192822E28679AA500D894C8 /* HotdogOrNot.app */ = {isa = PBXFileReference; explicitFileType = wrapper.application; includeInIndex = 0; path = HotdogOrNot.app; sourceTree = BUILT_PRODUCTS_DIR; };
		7192823128679AA500D894C8 /* HotdogOrNotApp.swift */ = {isa = PBXFileReference; lastKnownFileType = sourcecode.swift; path = HotdogOrNotApp.swift; sourceTree = "<group>"; };
		7192823328679AA500D894C8 /* ContentView.swift */ = {isa = PBXFileReference; lastKnownFileType = sourcecode.swift; path = ContentView.swift; sourceTree = "<group>"; };
		7192823528679AA600D894C8 /* Assets.xcassets */ = {isa = PBXFileReference; lastKnownFileType = folder.assetcatalog; path = Assets.xcassets; sourceTree = "<group>"; };
		7192823828679AA600D894C8 /* Preview Assets.xcassets */ = {isa = PBXFileReference; lastKnownFileType = folder.assetcatalog; path = "Preview Assets.xcassets"; sourceTree = "<group>"; };
		7192823F28679CDD00D894C8 /* MobileNetV2.mlmodel */ = {isa = PBXFileReference; lastKnownFileType = file.mlmodel; path = MobileNetV2.mlmodel; sourceTree = "<group>"; };
		719282432867A3CD00D894C8 /* FrameView.swift */ = {isa = PBXFileReference; lastKnownFileType = sourcecode.swift; path = FrameView.swift; sourceTree = "<group>"; };
		719282452867A48500D894C8 /* CameraManager.swift */ = {isa = PBXFileReference; lastKnownFileType = sourcecode.swift; path = CameraManager.swift; sourceTree = "<group>"; };
		719282472867A4EC00D894C8 /* CameraError.swift */ = {isa = PBXFileReference; lastKnownFileType = sourcecode.swift; path = CameraError.swift; sourceTree = "<group>"; };
		719282492867AA0500D894C8 /* FrameManager.swift */ = {isa = PBXFileReference; lastKnownFileType = sourcecode.swift; path = FrameManager.swift; sourceTree = "<group>"; };
		7192824B2867AAFE00D894C8 /* ContentViewModel.swift */ = {isa = PBXFileReference; lastKnownFileType = sourcecode.swift; path = ContentViewModel.swift; sourceTree = "<group>"; };
		7192824D2867AC1500D894C8 /* CGImage+Extension.swift */ = {isa = PBXFileReference; lastKnownFileType = sourcecode.swift; path = "CGImage+Extension.swift"; sourceTree = "<group>"; };
/* End PBXFileReference section */

/* Begin PBXFrameworksBuildPhase section */
		7192822B28679AA500D894C8 /* Frameworks */ = {
			isa = PBXFrameworksBuildPhase;
			buildActionMask = 2147483647;
			files = (
			);
			runOnlyForDeploymentPostprocessing = 0;
		};
/* End PBXFrameworksBuildPhase section */

/* Begin PBXGroup section */
		7192822528679AA500D894C8 = {
			isa = PBXGroup;
			children = (
				7192823028679AA500D894C8 /* HotdogOrNot */,
				7192822F28679AA500D894C8 /* Products */,
			);
			sourceTree = "<group>";
		};
		7192822F28679AA500D894C8 /* Products */ = {
			isa = PBXGroup;
			children = (
				7192822E28679AA500D894C8 /* HotdogOrNot.app */,
			);
			name = Products;
			sourceTree = "<group>";
		};
		7192823028679AA500D894C8 /* HotdogOrNot */ = {
			isa = PBXGroup;
			children = (
				7192823128679AA500D894C8 /* HotdogOrNotApp.swift */,
				719282512867AFEF00D894C8 /* Camera */,
				719282502867AFC400D894C8 /* View */,
				719282522867B00200D894C8 /* ViewModel */,
				7192824F2867AFB600D894C8 /* Extension */,
				7192823528679AA600D894C8 /* Assets.xcassets */,
				7192823F28679CDD00D894C8 /* MobileNetV2.mlmodel */,
				7192823728679AA600D894C8 /* Preview Content */,
			);
			path = HotdogOrNot;
			sourceTree = "<group>";
		};
		7192823728679AA600D894C8 /* Preview Content */ = {
			isa = PBXGroup;
			children = (
				7192823828679AA600D894C8 /* Preview Assets.xcassets */,
			);
			path = "Preview Content";
			sourceTree = "<group>";
		};
		7192824F2867AFB600D894C8 /* Extension */ = {
			isa = PBXGroup;
			children = (
				7192824D2867AC1500D894C8 /* CGImage+Extension.swift */,
			);
			path = Extension;
			sourceTree = "<group>";
		};
		719282502867AFC400D894C8 /* View */ = {
			isa = PBXGroup;
			children = (
				7192823328679AA500D894C8 /* ContentView.swift */,
				719282432867A3CD00D894C8 /* FrameView.swift */,
			);
			path = View;
			sourceTree = "<group>";
		};
		719282512867AFEF00D894C8 /* Camera */ = {
			isa = PBXGroup;
			children = (
				719282452867A48500D894C8 /* CameraManager.swift */,
				719282492867AA0500D894C8 /* FrameManager.swift */,
				719282472867A4EC00D894C8 /* CameraError.swift */,
			);
			path = Camera;
			sourceTree = "<group>";
		};
		719282522867B00200D894C8 /* ViewModel */ = {
			isa = PBXGroup;
			children = (
				7192824B2867AAFE00D894C8 /* ContentViewModel.swift */,
			);
			path = ViewModel;
			sourceTree = "<group>";
		};
/* End PBXGroup section */

/* Begin PBXNativeTarget section */
		7192822D28679AA500D894C8 /* HotdogOrNot */ = {
			isa = PBXNativeTarget;
			buildConfigurationList = 7192823C28679AA600D894C8 /* Build configuration list for PBXNativeTarget "HotdogOrNot" */;
			buildPhases = (
				7192822A28679AA500D894C8 /* Sources */,
				7192822B28679AA500D894C8 /* Frameworks */,
				7192822C28679AA500D894C8 /* Resources */,
			);
			buildRules = (
			);
			dependencies = (
			);
			name = HotdogOrNot;
			productName = HotdogOrNot;
			productReference = 7192822E28679AA500D894C8 /* HotdogOrNot.app */;
			productType = "com.apple.product-type.application";
		};
/* End PBXNativeTarget section */

/* Begin PBXProject section */
		7192822628679AA500D894C8 /* Project object */ = {
			isa = PBXProject;
			attributes = {
				BuildIndependentTargetsInParallel = 1;
				LastSwiftUpdateCheck = 1400;
				LastUpgradeCheck = 1400;
				TargetAttributes = {
					7192822D28679AA500D894C8 = {
						CreatedOnToolsVersion = 14.0;
					};
				};
			};
			buildConfigurationList = 7192822928679AA500D894C8 /* Build configuration list for PBXProject "HotdogOrNot" */;
			compatibilityVersion = "Xcode 14.0";
			developmentRegion = en;
			hasScannedForEncodings = 0;
			knownRegions = (
				en,
				Base,
			);
			mainGroup = 7192822528679AA500D894C8;
			productRefGroup = 7192822F28679AA500D894C8 /* Products */;
			projectDirPath = "";
			projectRoot = "";
			targets = (
				7192822D28679AA500D894C8 /* HotdogOrNot */,
			);
		};
/* End PBXProject section */

/* Begin PBXResourcesBuildPhase section */
		7192822C28679AA500D894C8 /* Resources */ = {
			isa = PBXResourcesBuildPhase;
			buildActionMask = 2147483647;
			files = (
				7192823928679AA600D894C8 /* Preview Assets.xcassets in Resources */,
				7192823628679AA600D894C8 /* Assets.xcassets in Resources */,
			);
			runOnlyForDeploymentPostprocessing = 0;
		};
/* End PBXResourcesBuildPhase section */

/* Begin PBXSourcesBuildPhase section */
		7192822A28679AA500D894C8 /* Sources */ = {
			isa = PBXSourcesBuildPhase;
			buildActionMask = 2147483647;
			files = (
				7192824C2867AAFE00D894C8 /* ContentViewModel.swift in Sources */,
				719282442867A3CD00D894C8 /* FrameView.swift in Sources */,
				7192824028679CDD00D894C8 /* MobileNetV2.mlmodel in Sources */,
				7192823428679AA500D894C8 /* ContentView.swift in Sources */,
				7192823228679AA500D894C8 /* HotdogOrNotApp.swift in Sources */,
				7192824E2867AC1500D894C8 /* CGImage+Extension.swift in Sources */,
				719282462867A48500D894C8 /* CameraManager.swift in Sources */,
				7192824A2867AA0500D894C8 /* FrameManager.swift in Sources */,
				719282482867A4EC00D894C8 /* CameraError.swift in Sources */,
			);
			runOnlyForDeploymentPostprocessing = 0;
		};
/* End PBXSourcesBuildPhase section */

/* Begin XCBuildConfiguration section */
		7192823A28679AA600D894C8 /* Debug */ = {
			isa = XCBuildConfiguration;
			buildSettings = {
				ALWAYS_SEARCH_USER_PATHS = NO;
				CLANG_ANALYZER_NONNULL = YES;
				CLANG_ANALYZER_NUMBER_OBJECT_CONVERSION = YES_AGGRESSIVE;
				CLANG_CXX_LANGUAGE_STANDARD = "gnu++17";
				CLANG_ENABLE_MODULES = YES;
				CLANG_ENABLE_OBJC_ARC = YES;
				CLANG_ENABLE_OBJC_WEAK = YES;
				CLANG_WARN_BLOCK_CAPTURE_AUTORELEASING = YES;
				CLANG_WARN_BOOL_CONVERSION = YES;
				CLANG_WARN_COMMA = YES;
				CLANG_WARN_CONSTANT_CONVERSION = YES;
				CLANG_WARN_DEPRECATED_OBJC_IMPLEMENTATIONS = YES;
				CLANG_WARN_DIRECT_OBJC_ISA_USAGE = YES_ERROR;
				CLANG_WARN_DOCUMENTATION_COMMENTS = YES;
				CLANG_WARN_EMPTY_BODY = YES;
				CLANG_WARN_ENUM_CONVERSION = YES;
				CLANG_WARN_INFINITE_RECURSION = YES;
				CLANG_WARN_INT_CONVERSION = YES;
				CLANG_WARN_NON_LITERAL_NULL_CONVERSION = YES;
				CLANG_WARN_OBJC_IMPLICIT_RETAIN_SELF = YES;
				CLANG_WARN_OBJC_LITERAL_CONVERSION = YES;
				CLANG_WARN_OBJC_ROOT_CLASS = YES_ERROR;
				CLANG_WARN_QUOTED_INCLUDE_IN_FRAMEWORK_HEADER = YES;
				CLANG_WARN_RANGE_LOOP_ANALYSIS = YES;
				CLANG_WARN_STRICT_PROTOTYPES = YES;
				CLANG_WARN_SUSPICIOUS_MOVE = YES;
				CLANG_WARN_UNGUARDED_AVAILABILITY = YES_AGGRESSIVE;
				CLANG_WARN_UNREACHABLE_CODE = YES;
				CLANG_WARN__DUPLICATE_METHOD_MATCH = YES;
				COPY_PHASE_STRIP = NO;
				DEBUG_INFORMATION_FORMAT = dwarf;
				ENABLE_STRICT_OBJC_MSGSEND = YES;
				ENABLE_TESTABILITY = YES;
				GCC_C_LANGUAGE_STANDARD = gnu11;
				GCC_DYNAMIC_NO_PIC = NO;
				GCC_NO_COMMON_BLOCKS = YES;
				GCC_OPTIMIZATION_LEVEL = 0;
				GCC_PREPROCESSOR_DEFINITIONS = (
					"DEBUG=1",
					"$(inherited)",
				);
				GCC_WARN_64_TO_32_BIT_CONVERSION = YES;
				GCC_WARN_ABOUT_RETURN_TYPE = YES_ERROR;
				GCC_WARN_UNDECLARED_SELECTOR = YES;
				GCC_WARN_UNINITIALIZED_AUTOS = YES_AGGRESSIVE;
				GCC_WARN_UNUSED_FUNCTION = YES;
				GCC_WARN_UNUSED_VARIABLE = YES;
				IPHONEOS_DEPLOYMENT_TARGET = 16.0;
				MTL_ENABLE_DEBUG_INFO = INCLUDE_SOURCE;
				MTL_FAST_MATH = YES;
				ONLY_ACTIVE_ARCH = YES;
				SDKROOT = iphoneos;
				SWIFT_ACTIVE_COMPILATION_CONDITIONS = DEBUG;
				SWIFT_OPTIMIZATION_LEVEL = "-Onone";
			};
			name = Debug;
		};
		7192823B28679AA600D894C8 /* Release */ = {
			isa = XCBuildConfiguration;
			buildSettings = {
				ALWAYS_SEARCH_USER_PATHS = NO;
				CLANG_ANALYZER_NONNULL = YES;
				CLANG_ANALYZER_NUMBER_OBJECT_CONVERSION = YES_AGGRESSIVE;
				CLANG_CXX_LANGUAGE_STANDARD = "gnu++17";
				CLANG_ENABLE_MODULES = YES;
				CLANG_ENABLE_OBJC_ARC = YES;
				CLANG_ENABLE_OBJC_WEAK = YES;
				CLANG_WARN_BLOCK_CAPTURE_AUTORELEASING = YES;
				CLANG_WARN_BOOL_CONVERSION = YES;
				CLANG_WARN_COMMA = YES;
				CLANG_WARN_CONSTANT_CONVERSION = YES;
				CLANG_WARN_DEPRECATED_OBJC_IMPLEMENTATIONS = YES;
				CLANG_WARN_DIRECT_OBJC_ISA_USAGE = YES_ERROR;
				CLANG_WARN_DOCUMENTATION_COMMENTS = YES;
				CLANG_WARN_EMPTY_BODY = YES;
				CLANG_WARN_ENUM_CONVERSION = YES;
				CLANG_WARN_INFINITE_RECURSION = YES;
				CLANG_WARN_INT_CONVERSION = YES;
				CLANG_WARN_NON_LITERAL_NULL_CONVERSION = YES;
				CLANG_WARN_OBJC_IMPLICIT_RETAIN_SELF = YES;
				CLANG_WARN_OBJC_LITERAL_CONVERSION = YES;
				CLANG_WARN_OBJC_ROOT_CLASS = YES_ERROR;
				CLANG_WARN_QUOTED_INCLUDE_IN_FRAMEWORK_HEADER = YES;
				CLANG_WARN_RANGE_LOOP_ANALYSIS = YES;
				CLANG_WARN_STRICT_PROTOTYPES = YES;
				CLANG_WARN_SUSPICIOUS_MOVE = YES;
				CLANG_WARN_UNGUARDED_AVAILABILITY = YES_AGGRESSIVE;
				CLANG_WARN_UNREACHABLE_CODE = YES;
				CLANG_WARN__DUPLICATE_METHOD_MATCH = YES;
				COPY_PHASE_STRIP = NO;
				DEBUG_INFORMATION_FORMAT = "dwarf-with-dsym";
				ENABLE_NS_ASSERTIONS = NO;
				ENABLE_STRICT_OBJC_MSGSEND = YES;
				GCC_C_LANGUAGE_STANDARD = gnu11;
				GCC_NO_COMMON_BLOCKS = YES;
				GCC_WARN_64_TO_32_BIT_CONVERSION = YES;
				GCC_WARN_ABOUT_RETURN_TYPE = YES_ERROR;
				GCC_WARN_UNDECLARED_SELECTOR = YES;
				GCC_WARN_UNINITIALIZED_AUTOS = YES_AGGRESSIVE;
				GCC_WARN_UNUSED_FUNCTION = YES;
				GCC_WARN_UNUSED_VARIABLE = YES;
				IPHONEOS_DEPLOYMENT_TARGET = 16.0;
				MTL_ENABLE_DEBUG_INFO = NO;
				MTL_FAST_MATH = YES;
				SDKROOT = iphoneos;
				SWIFT_COMPILATION_MODE = wholemodule;
				SWIFT_OPTIMIZATION_LEVEL = "-O";
				VALIDATE_PRODUCT = YES;
			};
			name = Release;
		};
		7192823D28679AA600D894C8 /* Debug */ = {
			isa = XCBuildConfiguration;
			buildSettings = {
				ASSETCATALOG_COMPILER_APPICON_NAME = AppIcon;
				ASSETCATALOG_COMPILER_GLOBAL_ACCENT_COLOR_NAME = AccentColor;
				CODE_SIGN_STYLE = Automatic;
				CURRENT_PROJECT_VERSION = 1;
				DEVELOPMENT_ASSET_PATHS = "\"HotdogOrNot/Preview Content\"";
				DEVELOPMENT_TEAM = G6V85GALCN;
				ENABLE_PREVIEWS = YES;
				GENERATE_INFOPLIST_FILE = YES;
				INFOPLIST_KEY_NSCameraUsageDescription = "This app requires camera access to check image.";
				INFOPLIST_KEY_UIApplicationSceneManifest_Generation = YES;
				INFOPLIST_KEY_UIApplicationSupportsIndirectInputEvents = YES;
				INFOPLIST_KEY_UILaunchScreen_Generation = YES;
				INFOPLIST_KEY_UISupportedInterfaceOrientations_iPad = "UIInterfaceOrientationPortrait UIInterfaceOrientationPortraitUpsideDown UIInterfaceOrientationLandscapeLeft UIInterfaceOrientationLandscapeRight";
				INFOPLIST_KEY_UISupportedInterfaceOrientations_iPhone = "UIInterfaceOrientationPortrait UIInterfaceOrientationLandscapeLeft UIInterfaceOrientationLandscapeRight";
				IPHONEOS_DEPLOYMENT_TARGET = 15.5;
				LD_RUNPATH_SEARCH_PATHS = (
					"$(inherited)",
					"@executable_path/Frameworks",
				);
				MARKETING_VERSION = 1.0;
				PRODUCT_BUNDLE_IDENTIFIER = net.naolin.HotdogOrNot;
				PRODUCT_NAME = "$(TARGET_NAME)";
				SWIFT_EMIT_LOC_STRINGS = YES;
				SWIFT_VERSION = 5.0;
				TARGETED_DEVICE_FAMILY = "1,2";
			};
			name = Debug;
		};
		7192823E28679AA600D894C8 /* Release */ = {
			isa = XCBuildConfiguration;
			buildSettings = {
				ASSETCATALOG_COMPILER_APPICON_NAME = AppIcon;
				ASSETCATALOG_COMPILER_GLOBAL_ACCENT_COLOR_NAME = AccentColor;
				CODE_SIGN_STYLE = Automatic;
				CURRENT_PROJECT_VERSION = 1;
				DEVELOPMENT_ASSET_PATHS = "\"HotdogOrNot/Preview Content\"";
				DEVELOPMENT_TEAM = G6V85GALCN;
				ENABLE_PREVIEWS = YES;
				GENERATE_INFOPLIST_FILE = YES;
				INFOPLIST_KEY_NSCameraUsageDescription = "This app requires camera access to check image.";
				INFOPLIST_KEY_UIApplicationSceneManifest_Generation = YES;
				INFOPLIST_KEY_UIApplicationSupportsIndirectInputEvents = YES;
				INFOPLIST_KEY_UILaunchScreen_Generation = YES;
				INFOPLIST_KEY_UISupportedInterfaceOrientations_iPad = "UIInterfaceOrientationPortrait UIInterfaceOrientationPortraitUpsideDown UIInterfaceOrientationLandscapeLeft UIInterfaceOrientationLandscapeRight";
				INFOPLIST_KEY_UISupportedInterfaceOrientations_iPhone = "UIInterfaceOrientationPortrait UIInterfaceOrientationLandscapeLeft UIInterfaceOrientationLandscapeRight";
				IPHONEOS_DEPLOYMENT_TARGET = 15.5;
				LD_RUNPATH_SEARCH_PATHS = (
					"$(inherited)",
					"@executable_path/Frameworks",
				);
				MARKETING_VERSION = 1.0;
				PRODUCT_BUNDLE_IDENTIFIER = net.naolin.HotdogOrNot;
				PRODUCT_NAME = "$(TARGET_NAME)";
				SWIFT_EMIT_LOC_STRINGS = YES;
				SWIFT_VERSION = 5.0;
				TARGETED_DEVICE_FAMILY = "1,2";
			};
			name = Release;
		};
/* End XCBuildConfiguration section */

/* Begin XCConfigurationList section */
		7192822928679AA500D894C8 /* Build configuration list for PBXProject "HotdogOrNot" */ = {
			isa = XCConfigurationList;
			buildConfigurations = (
				7192823A28679AA600D894C8 /* Debug */,
				7192823B28679AA600D894C8 /* Release */,
			);
			defaultConfigurationIsVisible = 0;
			defaultConfigurationName = Release;
		};
		7192823C28679AA600D894C8 /* Build configuration list for PBXNativeTarget "HotdogOrNot" */ = {
			isa = XCConfigurationList;
			buildConfigurations = (
				7192823D28679AA600D894C8 /* Debug */,
				7192823E28679AA600D894C8 /* Release */,
			);
			defaultConfigurationIsVisible = 0;
			defaultConfigurationName = Release;
		};
/* End XCConfigurationList section */
	};
	rootObject = 7192822628679AA500D894C8 /* Project object */;
}
